
Microsoft Visual Studio Solution File, Format Version 12.00
# Visual Studio Version 17
VisualStudioVersion = 17.1.31903.286
MinimumVisualStudioVersion = 10.0.40219.1
Project("{FAE04EC0-301F-11D3-BF4B-00C04F79EFBC}") = "OneSevenTest", "OneSevenTest\OneSevenTest.csproj", "{076DA67B-E6D7-4613-923A-F923B0D08F4B}"
EndProject
Global
	GlobalSection(SolutionConfigurationPlatforms) = preSolution
		Debug|Any CPU = Debug|Any CPU
		Release|Any CPU = Release|Any CPU
	EndGlobalSection
	GlobalSection(ProjectConfigurationPlatforms) = postSolution
		{076DA67B-E6D7-4613-923A-F923B0D08F4B}.Debug|Any CPU.ActiveCfg = Debug|Any CPU
		{076DA67B-E6D7-4613-923A-F923B0D08F4B}.Debug|Any CPU.Build.0 = Debug|Any CPU
		{076DA67B-E6D7-4613-923A-F923B0D08F4B}.Release|Any CPU.ActiveCfg = Release|Any CPU
		{076DA67B-E6D7-4613-923A-F923B0D08F4B}.Release|Any CPU.Build.0 = Release|Any CPU
	EndGlobalSection
	GlobalSection(SolutionProperties) = preSolution
		HideSolutionNode = FALSE
	EndGlobalSection
	GlobalSection(ExtensibilityGlobals) = postSolution
		SolutionGuid = {BB24A32B-F08E-430D-B94A-1F0A966BED26}
	EndGlobalSection
EndGlobal
